
Microsoft Visual Studio Solution File, Format Version 12.00
# Visual Studio Version 16
VisualStudioVersion = 16.0.29123.88
MinimumVisualStudioVersion = 10.0.40219.1
Project("{9A19103F-16F7-4668-BE54-9A1E7A4F7556}") = "01.Coldairarrow.Util", "src\Coldairarrow.Util\01.Coldairarrow.Util.csproj", "{3F8163F9-0513-4DD5-8761-D62294A72BAC}"
EndProject
Project("{9A19103F-16F7-4668-BE54-9A1E7A4F7556}") = "02.Coldairarrow.Entity", "src\Coldairarrow.Entity\02.Coldairarrow.Entity.csproj", "{0313E651-ADE8-4357-AE39-AADEC575F241}"
EndProject
Project("{9A19103F-16F7-4668-BE54-9A1E7A4F7556}") = "04.Coldairarrow.Business", "src\Coldairarrow.Business\04.Coldairarrow.Business.csproj", "{1920BFF8-DE4A-4871-A564-64356A5997BF}"
EndProject
Project("{9A19103F-16F7-4668-BE54-9A1E7A4F7556}") = "05.Coldairarrow.Api", "src\Coldairarrow.Api\05.Coldairarrow.Api.csproj", "{BEA1BF0D-B063-4931-89C7-22F92973143A}"
EndProject
Project("{9A19103F-16F7-4668-BE54-9A1E7A4F7556}") = "03.Coldairarrow.IBusiness", "src\Coldairarrow.IBusiness\03.Coldairarrow.IBusiness.csproj", "{4422EF5A-9E20-450D-B0BD-643DED2B9219}"
EndProject
Project("{9A19103F-16F7-4668-BE54-9A1E7A4F7556}") = "08.CCPP.PaymentAPI", "src\CCPP.PaymentAPI\08.CCPP.PaymentAPI.csproj", "{A4C6978E-3CCD-48BC-9AE5-7DDA570FFA0C}"
EndProject
Project("{9A19103F-16F7-4668-BE54-9A1E7A4F7556}") = "07.CCPP.Cryptocurrency.Common", "src\CCPP.Cryptocurrency.Common\07.CCPP.Cryptocurrency.Common.csproj", "{09AE7778-C846-46AF-A8F6-58765DC72A1A}"
EndProject
Project("{9A19103F-16F7-4668-BE54-9A1E7A4F7556}") = "06.Coldairarrow.Console", "src\Coldairarrow.Console\06.Coldairarrow.Console.csproj", "{6CE4DDA0-F74A-4372-B179-DC0785477A12}"
EndProject
Global
	GlobalSection(SolutionConfigurationPlatforms) = preSolution
		Debug|Any CPU = Debug|Any CPU
		Release|Any CPU = Release|Any CPU
	EndGlobalSection
	GlobalSection(ProjectConfigurationPlatforms) = postSolution
		{3F8163F9-0513-4DD5-8761-D62294A72BAC}.Debug|Any CPU.ActiveCfg = Debug|Any CPU
		{3F8163F9-0513-4DD5-8761-D62294A72BAC}.Debug|Any CPU.Build.0 = Debug|Any CPU
		{3F8163F9-0513-4DD5-8761-D62294A72BAC}.Release|Any CPU.ActiveCfg = Release|Any CPU
		{3F8163F9-0513-4DD5-8761-D62294A72BAC}.Release|Any CPU.Build.0 = Release|Any CPU
		{0313E651-ADE8-4357-AE39-AADEC575F241}.Debug|Any CPU.ActiveCfg = Debug|Any CPU
		{0313E651-ADE8-4357-AE39-AADEC575F241}.Debug|Any CPU.Build.0 = Debug|Any CPU
		{0313E651-ADE8-4357-AE39-AADEC575F241}.Release|Any CPU.ActiveCfg = Release|Any CPU
		{0313E651-ADE8-4357-AE39-AADEC575F241}.Release|Any CPU.Build.0 = Release|Any CPU
		{1920BFF8-DE4A-4871-A564-64356A5997BF}.Debug|Any CPU.ActiveCfg = Debug|Any CPU
		{1920BFF8-DE4A-4871-A564-64356A5997BF}.Debug|Any CPU.Build.0 = Debug|Any CPU
		{1920BFF8-DE4A-4871-A564-64356A5997BF}.Release|Any CPU.ActiveCfg = Release|Any CPU
		{1920BFF8-DE4A-4871-A564-64356A5997BF}.Release|Any CPU.Build.0 = Release|Any CPU
		{BEA1BF0D-B063-4931-89C7-22F92973143A}.Debug|Any CPU.ActiveCfg = Debug|Any CPU
		{BEA1BF0D-B063-4931-89C7-22F92973143A}.Debug|Any CPU.Build.0 = Debug|Any CPU
		{BEA1BF0D-B063-4931-89C7-22F92973143A}.Release|Any CPU.ActiveCfg = Release|Any CPU
		{BEA1BF0D-B063-4931-89C7-22F92973143A}.Release|Any CPU.Build.0 = Release|Any CPU
		{4422EF5A-9E20-450D-B0BD-643DED2B9219}.Debug|Any CPU.ActiveCfg = Debug|Any CPU
		{4422EF5A-9E20-450D-B0BD-643DED2B9219}.Debug|Any CPU.Build.0 = Debug|Any CPU
		{4422EF5A-9E20-450D-B0BD-643DED2B9219}.Release|Any CPU.ActiveCfg = Release|Any CPU
		{4422EF5A-9E20-450D-B0BD-643DED2B9219}.Release|Any CPU.Build.0 = Release|Any CPU
		{A4C6978E-3CCD-48BC-9AE5-7DDA570FFA0C}.Debug|Any CPU.ActiveCfg = Debug|Any CPU
		{A4C6978E-3CCD-48BC-9AE5-7DDA570FFA0C}.Debug|Any CPU.Build.0 = Debug|Any CPU
		{A4C6978E-3CCD-48BC-9AE5-7DDA570FFA0C}.Release|Any CPU.ActiveCfg = Release|Any CPU
		{A4C6978E-3CCD-48BC-9AE5-7DDA570FFA0C}.Release|Any CPU.Build.0 = Release|Any CPU
		{09AE7778-C846-46AF-A8F6-58765DC72A1A}.Debug|Any CPU.ActiveCfg = Debug|Any CPU
		{09AE7778-C846-46AF-A8F6-58765DC72A1A}.Debug|Any CPU.Build.0 = Debug|Any CPU
		{09AE7778-C846-46AF-A8F6-58765DC72A1A}.Release|Any CPU.ActiveCfg = Release|Any CPU
		{09AE7778-C846-46AF-A8F6-58765DC72A1A}.Release|Any CPU.Build.0 = Release|Any CPU
		{6CE4DDA0-F74A-4372-B179-DC0785477A12}.Debug|Any CPU.ActiveCfg = Debug|Any CPU
		{6CE4DDA0-F74A-4372-B179-DC0785477A12}.Debug|Any CPU.Build.0 = Debug|Any CPU
		{6CE4DDA0-F74A-4372-B179-DC0785477A12}.Release|Any CPU.ActiveCfg = Release|Any CPU
		{6CE4DDA0-F74A-4372-B179-DC0785477A12}.Release|Any CPU.Build.0 = Release|Any CPU
	EndGlobalSection
	GlobalSection(SolutionProperties) = preSolution
		HideSolutionNode = FALSE
	EndGlobalSection
	GlobalSection(ExtensibilityGlobals) = postSolution
		SolutionGuid = {7557970B-2675-4EDD-B2EF-EA28744BC050}
	EndGlobalSection
EndGlobal
